Microsoft Visual Studio Solution File, Format Version 11.00
# Visual Studio 2008

Project("{68CDC4D7-E8F4-76EC-985F-F03753076F5F}") = "Battleship-Command", "Assembly-CSharp-firstpass-vs.csproj", "{9925F4A5-5E6A-631E-52DB-77DC614D0D86}"
EndProject
Project("{68CDC4D7-E8F4-76EC-985F-F03753076F5F}") = "Battleship-Command", "Assembly-CSharp-vs.csproj", "{5A76859E-9492-7B59-9CBE-2E2ED4605459}"
EndProject
Project("{68CDC4D7-E8F4-76EC-985F-F03753076F5F}") = "Battleship-Command", "Assembly-CSharp-Editor-vs.csproj", "{B7631C48-3532-19D0-FC81-96648EF4A2D3}"
EndProject
Global
	GlobalSection(SolutionConfigurationPlatforms) = preSolution
		Debug|Any CPU = Debug|Any CPU
		Release|Any CPU = Release|Any CPU
	EndGlobalSection
	GlobalSection(ProjectConfigurationPlatforms) = postSolution
		{9925F4A5-5E6A-631E-52DB-77DC614D0D86}.Debug|Any CPU.ActiveCfg = Debug|Any CPU
		{9925F4A5-5E6A-631E-52DB-77DC614D0D86}.Debug|Any CPU.Build.0 = Debug|Any CPU
		{9925F4A5-5E6A-631E-52DB-77DC614D0D86}.Release|Any CPU.ActiveCfg = Release|Any CPU
		{9925F4A5-5E6A-631E-52DB-77DC614D0D86}.Release|Any CPU.Build.0 = Release|Any CPU
		{5A76859E-9492-7B59-9CBE-2E2ED4605459}.Debug|Any CPU.ActiveCfg = Debug|Any CPU
		{5A76859E-9492-7B59-9CBE-2E2ED4605459}.Debug|Any CPU.Build.0 = Debug|Any CPU
		{5A76859E-9492-7B59-9CBE-2E2ED4605459}.Release|Any CPU.ActiveCfg = Release|Any CPU
		{5A76859E-9492-7B59-9CBE-2E2ED4605459}.Release|Any CPU.Build.0 = Release|Any CPU
		{B7631C48-3532-19D0-FC81-96648EF4A2D3}.Debug|Any CPU.ActiveCfg = Debug|Any CPU
		{B7631C48-3532-19D0-FC81-96648EF4A2D3}.Debug|Any CPU.Build.0 = Debug|Any CPU
		{B7631C48-3532-19D0-FC81-96648EF4A2D3}.Release|Any CPU.ActiveCfg = Release|Any CPU
		{B7631C48-3532-19D0-FC81-96648EF4A2D3}.Release|Any CPU.Build.0 = Release|Any CPU
	EndGlobalSection
	GlobalSection(SolutionProperties) = preSolution
		HideSolutionNode = FALSE
	EndGlobalSection
																																														GlobalSection(MonoDevelopProperties) = preSolution
		StartupItem = Assembly-CSharp.csproj
		Policies = $0
		$0.TextStylePolicy = $1
		$1.inheritsSet = null
		$1.scope = text/x-csharp
		$0.CSharpFormattingPolicy = $2
		$2.inheritsSet = Mono
		$2.inheritsScope = text/x-csharp
		$2.scope = text/x-csharp
		$0.TextStylePolicy = $3
		$3.FileWidth = 120
		$3.TabWidth = 4
		$3.IndentWidth = 4
		$3.EolMarker = Unix
		$3.inheritsSet = Mono
		$3.inheritsScope = text/plain
		$3.scope = text/plain
	EndGlobalSection

EndGlobal
